// !$*UTF8*$!
{
	archiveVersion = 1;
	classes = {
	};
	objectVersion = 50;
	objects = {

/* Begin PBXBuildFile section */
		3CA9CD49264ACD3C0032E3C6 /* MCAddViewController.m in Sources */ = {isa = PBXBuildFile; fileRef = 3CA9CD48264ACD3C0032E3C6 /* MCAddViewController.m */; };
		3CA9CD4C264AD3930032E3C6 /* MCChoicekindAutomobile.m in Sources */ = {isa = PBXBuildFile; fileRef = 3CA9CD4B264AD3930032E3C6 /* MCChoicekindAutomobile.m */; };
		3F3814E8262ADA4100831A7B /* AppDelegate.m in Sources */ = {isa = PBXBuildFile; fileRef = 3F3814E7262ADA4100831A7B /* AppDelegate.m */; };
		3F3814EB262ADA4100831A7B /* SceneDelegate.m in Sources */ = {isa = PBXBuildFile; fileRef = 3F3814EA262ADA4100831A7B /* SceneDelegate.m */; };
		3F3814EE262ADA4100831A7B /* ViewController.m in Sources */ = {isa = PBXBuildFile; fileRef = 3F3814ED262ADA4100831A7B /* ViewController.m */; };
		3F3814F1262ADA4100831A7B /* Main.storyboard in Resources */ = {isa = PBXBuildFile; fileRef = 3F3814EF262ADA4100831A7B /* Main.storyboard */; };
		3F3814F3262ADA4700831A7B /* Assets.xcassets in Resources */ = {isa = PBXBuildFile; fileRef = 3F3814F2262ADA4700831A7B /* Assets.xcassets */; };
		3F3814F6262ADA4700831A7B /* LaunchScreen.storyboard in Resources */ = {isa = PBXBuildFile; fileRef = 3F3814F4262ADA4700831A7B /* LaunchScreen.storyboard */; };
		3F3814F9262ADA4700831A7B /* main.m in Sources */ = {isa = PBXBuildFile; fileRef = 3F3814F8262ADA4700831A7B /* main.m */; };
		3F381503262ADA4700831A7B /* iosProject0Tests.m in Sources */ = {isa = PBXBuildFile; fileRef = 3F381502262ADA4700831A7B /* iosProject0Tests.m */; };
		3F38150E262ADA4800831A7B /* iosProject0UITests.m in Sources */ = {isa = PBXBuildFile; fileRef = 3F38150D262ADA4800831A7B /* iosProject0UITests.m */; };
		3F381547262ADBB700831A7B /* MCEngine.m in Sources */ = {isa = PBXBuildFile; fileRef = 3F381546262ADBB700831A7B /* MCEngine.m */; };
		3F38154D262ADBD000831A7B /* MCAutomobile.m in Sources */ = {isa = PBXBuildFile; fileRef = 3F38154C262ADBD000831A7B /* MCAutomobile.m */; };
		3F381553262ADC1200831A7B /* MCMotorcycle.m in Sources */ = {isa = PBXBuildFile; fileRef = 3F381552262ADC1200831A7B /* MCMotorcycle.m */; };
		3F381559262ADC5000831A7B /* MCVehicle.m in Sources */ = {isa = PBXBuildFile; fileRef = 3F381558262ADC5000831A7B /* MCVehicle.m */; };
		3F38155F262ADC7A00831A7B /* MCCar.m in Sources */ = {isa = PBXBuildFile; fileRef = 3F38155E262ADC7A00831A7B /* MCCar.m */; };
		3F381565262ADCA400831A7B /* MCTruck.m in Sources */ = {isa = PBXBuildFile; fileRef = 3F381564262ADCA400831A7B /* MCTruck.m */; };
		3F672213263A8E90004D905C /* MCCarTableViewController.m in Sources */ = {isa = PBXBuildFile; fileRef = 3F672212263A8E90004D905C /* MCCarTableViewController.m */; };
		3F672231263A9429004D905C /* MCDetailsViewController.m in Sources */ = {isa = PBXBuildFile; fileRef = 3F672230263A9429004D905C /* MCDetailsViewController.m */; };
		3F672237263A9DC4004D905C /* MCAutomobileCellTableViewCell.m in Sources */ = {isa = PBXBuildFile; fileRef = 3F672236263A9DC4004D905C /* MCAutomobileCellTableViewCell.m */; };
		3FF88DD52643EB3C00B303F1 /* MCEditViewController.m in Sources */ = {isa = PBXBuildFile; fileRef = 3FF88DD42643EB3C00B303F1 /* MCEditViewController.m */; };
/* End PBXBuildFile section */

/* Begin PBXContainerItemProxy section */
		3F3814FF262ADA4700831A7B /* PBXContainerItemProxy */ = {
			isa = PBXContainerItemProxy;
			containerPortal = 3F3814DB262ADA4100831A7B /* Project object */;
			proxyType = 1;
			remoteGlobalIDString = 3F3814E2262ADA4100831A7B;
			remoteInfo = iosProject0;
		};
		3F38150A262ADA4800831A7B /* PBXContainerItemProxy */ = {
			isa = PBXContainerItemProxy;
			containerPortal = 3F3814DB262ADA4100831A7B /* Project object */;
			proxyType = 1;
			remoteGlobalIDString = 3F3814E2262ADA4100831A7B;
			remoteInfo = iosProject0;
		};
/* End PBXContainerItemProxy section */

/* Begin PBXFileReference section */
		3CA9CD47264ACD3C0032E3C6 /* MCAddViewController.h */ = {isa = PBXFileReference; lastKnownFileType = sourcecode.c.h; path = MCAddViewController.h; sourceTree = "<group>"; };
		3CA9CD48264ACD3C0032E3C6 /* MCAddViewController.m */ = {isa = PBXFileReference; lastKnownFileType = sourcecode.c.objc; path = MCAddViewController.m; sourceTree = "<group>"; };
		3CA9CD4A264AD3930032E3C6 /* MCChoicekindAutomobile.h */ = {isa = PBXFileReference; lastKnownFileType = sourcecode.c.h; path = MCChoicekindAutomobile.h; sourceTree = "<group>"; };
		3CA9CD4B264AD3930032E3C6 /* MCChoicekindAutomobile.m */ = {isa = PBXFileReference; lastKnownFileType = sourcecode.c.objc; path = MCChoicekindAutomobile.m; sourceTree = "<group>"; };
		3CCE8DA4264C133300250598 /* Protocol.h */ = {isa = PBXFileReference; lastKnownFileType = sourcecode.c.h; path = Protocol.h; sourceTree = "<group>"; };
		3F3814E3262ADA4100831A7B /* iosProject0.app */ = {isa = PBXFileReference; explicitFileType = wrapper.application; includeInIndex = 0; path = iosProject0.app; sourceTree = BUILT_PRODUCTS_DIR; };
		3F3814E6262ADA4100831A7B /* AppDelegate.h */ = {isa = PBXFileReference; lastKnownFileType = sourcecode.c.h; path = AppDelegate.h; sourceTree = "<group>"; };
		3F3814E7262ADA4100831A7B /* AppDelegate.m */ = {isa = PBXFileReference; lastKnownFileType = sourcecode.c.objc; path = AppDelegate.m; sourceTree = "<group>"; };
		3F3814E9262ADA4100831A7B /* SceneDelegate.h */ = {isa = PBXFileReference; lastKnownFileType = sourcecode.c.h; path = SceneDelegate.h; sourceTree = "<group>"; };
		3F3814EA262ADA4100831A7B /* SceneDelegate.m */ = {isa = PBXFileReference; lastKnownFileType = sourcecode.c.objc; path = SceneDelegate.m; sourceTree = "<group>"; };
		3F3814EC262ADA4100831A7B /* ViewController.h */ = {isa = PBXFileReference; lastKnownFileType = sourcecode.c.h; path = ViewController.h; sourceTree = "<group>"; };
		3F3814ED262ADA4100831A7B /* ViewController.m */ = {isa = PBXFileReference; lastKnownFileType = sourcecode.c.objc; path = ViewController.m; sourceTree = "<group>"; };
		3F3814F0262ADA4100831A7B /* Base */ = {isa = PBXFileReference; lastKnownFileType = file.storyboard; name = Base; path = Base.lproj/Main.storyboard; sourceTree = "<group>"; };
		3F3814F2262ADA4700831A7B /* Assets.xcassets */ = {isa = PBXFileReference; lastKnownFileType = folder.assetcatalog; path = Assets.xcassets; sourceTree = "<group>"; };
		3F3814F5262ADA4700831A7B /* Base */ = {isa = PBXFileReference; lastKnownFileType = file.storyboard; name = Base; path = Base.lproj/LaunchScreen.storyboard; sourceTree = "<group>"; };
		3F3814F7262ADA4700831A7B /* Info.plist */ = {isa = PBXFileReference; lastKnownFileType = text.plist.xml; path = Info.plist; sourceTree = "<group>"; };
		3F3814F8262ADA4700831A7B /* main.m */ = {isa = PBXFileReference; lastKnownFileType = sourcecode.c.objc; path = main.m; sourceTree = "<group>"; };
		3F3814FE262ADA4700831A7B /* iosProject0Tests.xctest */ = {isa = PBXFileReference; explicitFileType = wrapper.cfbundle; includeInIndex = 0; path = iosProject0Tests.xctest; sourceTree = BUILT_PRODUCTS_DIR; };
		3F381502262ADA4700831A7B /* iosProject0Tests.m */ = {isa = PBXFileReference; lastKnownFileType = sourcecode.c.objc; path = iosProject0Tests.m; sourceTree = "<group>"; };
		3F381504262ADA4800831A7B /* Info.plist */ = {isa = PBXFileReference; lastKnownFileType = text.plist.xml; path = Info.plist; sourceTree = "<group>"; };
		3F381509262ADA4800831A7B /* iosProject0UITests.xctest */ = {isa = PBXFileReference; explicitFileType = wrapper.cfbundle; includeInIndex = 0; path = iosProject0UITests.xctest; sourceTree = BUILT_PRODUCTS_DIR; };
		3F38150D262ADA4800831A7B /* iosProject0UITests.m */ = {isa = PBXFileReference; lastKnownFileType = sourcecode.c.objc; path = iosProject0UITests.m; sourceTree = "<group>"; };
		3F38150F262ADA4800831A7B /* Info.plist */ = {isa = PBXFileReference; lastKnownFileType = text.plist.xml; path = Info.plist; sourceTree = "<group>"; };
		3F381545262ADBB700831A7B /* MCEngine.h */ = {isa = PBXFileReference; lastKnownFileType = sourcecode.c.h; path = MCEngine.h; sourceTree = "<group>"; };
		3F381546262ADBB700831A7B /* MCEngine.m */ = {isa = PBXFileReference; lastKnownFileType = sourcecode.c.objc; path = MCEngine.m; sourceTree = "<group>"; };
		3F38154B262ADBD000831A7B /* MCAutomobile.h */ = {isa = PBXFileReference; lastKnownFileType = sourcecode.c.h; path = MCAutomobile.h; sourceTree = "<group>"; };
		3F38154C262ADBD000831A7B /* MCAutomobile.m */ = {isa = PBXFileReference; lastKnownFileType = sourcecode.c.objc; path = MCAutomobile.m; sourceTree = "<group>"; };
		3F381551262ADC1200831A7B /* MCMotorcycle.h */ = {isa = PBXFileReference; lastKnownFileType = sourcecode.c.h; path = MCMotorcycle.h; sourceTree = "<group>"; };
		3F381552262ADC1200831A7B /* MCMotorcycle.m */ = {isa = PBXFileReference; lastKnownFileType = sourcecode.c.objc; path = MCMotorcycle.m; sourceTree = "<group>"; };
		3F381557262ADC5000831A7B /* MCVehicle.h */ = {isa = PBXFileReference; lastKnownFileType = sourcecode.c.h; path = MCVehicle.h; sourceTree = "<group>"; };
		3F381558262ADC5000831A7B /* MCVehicle.m */ = {isa = PBXFileReference; lastKnownFileType = sourcecode.c.objc; path = MCVehicle.m; sourceTree = "<group>"; };
		3F38155D262ADC7A00831A7B /* MCCar.h */ = {isa = PBXFileReference; lastKnownFileType = sourcecode.c.h; path = MCCar.h; sourceTree = "<group>"; };
		3F38155E262ADC7A00831A7B /* MCCar.m */ = {isa = PBXFileReference; lastKnownFileType = sourcecode.c.objc; path = MCCar.m; sourceTree = "<group>"; };
		3F381563262ADCA400831A7B /* MCTruck.h */ = {isa = PBXFileReference; lastKnownFileType = sourcecode.c.h; path = MCTruck.h; sourceTree = "<group>"; };
		3F381564262ADCA400831A7B /* MCTruck.m */ = {isa = PBXFileReference; lastKnownFileType = sourcecode.c.objc; path = MCTruck.m; sourceTree = "<group>"; };
		3F381570262AE0A800831A7B /* MCGearType.h */ = {isa = PBXFileReference; lastKnownFileType = sourcecode.c.h; path = MCGearType.h; sourceTree = "<group>"; };
		3F381571262AE17E00831A7B /* MCFuelType.h */ = {isa = PBXFileReference; lastKnownFileType = sourcecode.c.h; path = MCFuelType.h; sourceTree = "<group>"; };
		3F672211263A8E90004D905C /* MCCarTableViewController.h */ = {isa = PBXFileReference; lastKnownFileType = sourcecode.c.h; path = MCCarTableViewController.h; sourceTree = "<group>"; };
		3F672212263A8E90004D905C /* MCCarTableViewController.m */ = {isa = PBXFileReference; lastKnownFileType = sourcecode.c.objc; path = MCCarTableViewController.m; sourceTree = "<group>"; };
		3F67222F263A9429004D905C /* MCDetailsViewController.h */ = {isa = PBXFileReference; lastKnownFileType = sourcecode.c.h; path = MCDetailsViewController.h; sourceTree = "<group>"; };
		3F672230263A9429004D905C /* MCDetailsViewController.m */ = {isa = PBXFileReference; lastKnownFileType = sourcecode.c.objc; path = MCDetailsViewController.m; sourceTree = "<group>"; };
		3F672235263A9DC4004D905C /* MCAutomobileCellTableViewCell.h */ = {isa = PBXFileReference; lastKnownFileType = sourcecode.c.h; path = MCAutomobileCellTableViewCell.h; sourceTree = "<group>"; };
		3F672236263A9DC4004D905C /* MCAutomobileCellTableViewCell.m */ = {isa = PBXFileReference; lastKnownFileType = sourcecode.c.objc; path = MCAutomobileCellTableViewCell.m; sourceTree = "<group>"; };
		3FF88DD32643EB3C00B303F1 /* MCEditViewController.h */ = {isa = PBXFileReference; lastKnownFileType = sourcecode.c.h; path = MCEditViewController.h; sourceTree = "<group>"; };
		3FF88DD42643EB3C00B303F1 /* MCEditViewController.m */ = {isa = PBXFileReference; lastKnownFileType = sourcecode.c.objc; path = MCEditViewController.m; sourceTree = "<group>"; };
/* End PBXFileReference section */

/* Begin PBXFrameworksBuildPhase section */
		3F3814E0262ADA4100831A7B /* Frameworks */ = {
			isa = PBXFrameworksBuildPhase;
			buildActionMask = 2147483647;
			files = (
			);
			runOnlyForDeploymentPostprocessing = 0;
		};
		3F3814FB262ADA4700831A7B /* Frameworks */ = {
			isa = PBXFrameworksBuildPhase;
			buildActionMask = 2147483647;
			files = (
			);
			runOnlyForDeploymentPostprocessing = 0;
		};
		3F381506262ADA4800831A7B /* Frameworks */ = {
			isa = PBXFrameworksBuildPhase;
			buildActionMask = 2147483647;
			files = (
			);
			runOnlyForDeploymentPostprocessing = 0;
		};
/* End PBXFrameworksBuildPhase section */

/* Begin PBXGroup section */
		3F3814DA262ADA4100831A7B = {
			isa = PBXGroup;
			children = (
				3F3814E5262ADA4100831A7B /* iosProject0 */,
				3F381501262ADA4700831A7B /* iosProject0Tests */,
				3F38150C262ADA4800831A7B /* iosProject0UITests */,
				3F3814E4262ADA4100831A7B /* Products */,
			);
			sourceTree = "<group>";
		};
		3F3814E4262ADA4100831A7B /* Products */ = {
			isa = PBXGroup;
			children = (
				3F3814E3262ADA4100831A7B /* iosProject0.app */,
				3F3814FE262ADA4700831A7B /* iosProject0Tests.xctest */,
				3F381509262ADA4800831A7B /* iosProject0UITests.xctest */,
			);
			name = Products;
			sourceTree = "<group>";
		};
		3F3814E5262ADA4100831A7B /* iosProject0 */ = {
			isa = PBXGroup;
			children = (
				3F3814E6262ADA4100831A7B /* AppDelegate.h */,
				3F3814E7262ADA4100831A7B /* AppDelegate.m */,
				3F3814E9262ADA4100831A7B /* SceneDelegate.h */,
				3F3814EA262ADA4100831A7B /* SceneDelegate.m */,
				3F3814EC262ADA4100831A7B /* ViewController.h */,
				3F3814ED262ADA4100831A7B /* ViewController.m */,
				3F3814EF262ADA4100831A7B /* Main.storyboard */,
				3F3814F2262ADA4700831A7B /* Assets.xcassets */,
				3F3814F4262ADA4700831A7B /* LaunchScreen.storyboard */,
				3F3814F7262ADA4700831A7B /* Info.plist */,
				3F3814F8262ADA4700831A7B /* main.m */,
				3F381545262ADBB700831A7B /* MCEngine.h */,
				3F381546262ADBB700831A7B /* MCEngine.m */,
				3F38154B262ADBD000831A7B /* MCAutomobile.h */,
				3F38154C262ADBD000831A7B /* MCAutomobile.m */,
				3F381551262ADC1200831A7B /* MCMotorcycle.h */,
				3F381552262ADC1200831A7B /* MCMotorcycle.m */,
				3F381557262ADC5000831A7B /* MCVehicle.h */,
				3F381558262ADC5000831A7B /* MCVehicle.m */,
				3F38155D262ADC7A00831A7B /* MCCar.h */,
				3F38155E262ADC7A00831A7B /* MCCar.m */,
				3F381563262ADCA400831A7B /* MCTruck.h */,
				3F381564262ADCA400831A7B /* MCTruck.m */,
				3F381570262AE0A800831A7B /* MCGearType.h */,
				3F381571262AE17E00831A7B /* MCFuelType.h */,
				3F672211263A8E90004D905C /* MCCarTableViewController.h */,
				3F672212263A8E90004D905C /* MCCarTableViewController.m */,
				3F67222F263A9429004D905C /* MCDetailsViewController.h */,
				3F672230263A9429004D905C /* MCDetailsViewController.m */,
				3F672235263A9DC4004D905C /* MCAutomobileCellTableViewCell.h */,
				3F672236263A9DC4004D905C /* MCAutomobileCellTableViewCell.m */,
				3FF88DD32643EB3C00B303F1 /* MCEditViewController.h */,
				3FF88DD42643EB3C00B303F1 /* MCEditViewController.m */,
				3CA9CD47264ACD3C0032E3C6 /* MCAddViewController.h */,
				3CA9CD48264ACD3C0032E3C6 /* MCAddViewController.m */,
				3CA9CD4A264AD3930032E3C6 /* MCChoicekindAutomobile.h */,
				3CA9CD4B264AD3930032E3C6 /* MCChoicekindAutomobile.m */,
				3CCE8DA4264C133300250598 /* Protocol.h */,
			);
			path = iosProject0;
			sourceTree = "<group>";
		};
		3F381501262ADA4700831A7B /* iosProject0Tests */ = {
			isa = PBXGroup;
			children = (
				3F381502262ADA4700831A7B /* iosProject0Tests.m */,
				3F381504262ADA4800831A7B /* Info.plist */,
			);
			path = iosProject0Tests;
			sourceTree = "<group>";
		};
		3F38150C262ADA4800831A7B /* iosProject0UITests */ = {
			isa = PBXGroup;
			children = (
				3F38150D262ADA4800831A7B /* iosProject0UITests.m */,
				3F38150F262ADA4800831A7B /* Info.plist */,
			);
			path = iosProject0UITests;
			sourceTree = "<group>";
		};
/* End PBXGroup section */

/* Begin PBXNativeTarget section */
		3F3814E2262ADA4100831A7B /* iosProject0 */ = {
			isa = PBXNativeTarget;
			buildConfigurationList = 3F381512262ADA4800831A7B /* Build configuration list for PBXNativeTarget "iosProject0" */;
			buildPhases = (
				3F3814DF262ADA4100831A7B /* Sources */,
				3F3814E0262ADA4100831A7B /* Frameworks */,
				3F3814E1262ADA4100831A7B /* Resources */,
			);
			buildRules = (
			);
			dependencies = (
			);
			name = iosProject0;
			productName = iosProject0;
			productReference = 3F3814E3262ADA4100831A7B /* iosProject0.app */;
			productType = "com.apple.product-type.application";
		};
		3F3814FD262ADA4700831A7B /* iosProject0Tests */ = {
			isa = PBXNativeTarget;
			buildConfigurationList = 3F381515262ADA4800831A7B /* Build configuration list for PBXNativeTarget "iosProject0Tests" */;
			buildPhases = (
				3F3814FA262ADA4700831A7B /* Sources */,
				3F3814FB262ADA4700831A7B /* Frameworks */,
				3F3814FC262ADA4700831A7B /* Resources */,
			);
			buildRules = (
			);
			dependencies = (
				3F381500262ADA4700831A7B /* PBXTargetDependency */,
			);
			name = iosProject0Tests;
			productName = iosProject0Tests;
			productReference = 3F3814FE262ADA4700831A7B /* iosProject0Tests.xctest */;
			productType = "com.apple.product-type.bundle.unit-test";
		};
		3F381508262ADA4800831A7B /* iosProject0UITests */ = {
			isa = PBXNativeTarget;
			buildConfigurationList = 3F381518262ADA4800831A7B /* Build configuration list for PBXNativeTarget "iosProject0UITests" */;
			buildPhases = (
				3F381505262ADA4800831A7B /* Sources */,
				3F381506262ADA4800831A7B /* Frameworks */,
				3F381507262ADA4800831A7B /* Resources */,
			);
			buildRules = (
			);
			dependencies = (
				3F38150B262ADA4800831A7B /* PBXTargetDependency */,
			);
			name = iosProject0UITests;
			productName = iosProject0UITests;
			productReference = 3F381509262ADA4800831A7B /* iosProject0UITests.xctest */;
			productType = "com.apple.product-type.bundle.ui-testing";
		};
/* End PBXNativeTarget section */

/* Begin PBXProject section */
		3F3814DB262ADA4100831A7B /* Project object */ = {
			isa = PBXProject;
			attributes = {
				LastUpgradeCheck = 1240;
				TargetAttributes = {
					3F3814E2262ADA4100831A7B = {
						CreatedOnToolsVersion = 12.4;
					};
					3F3814FD262ADA4700831A7B = {
						CreatedOnToolsVersion = 12.4;
						TestTargetID = 3F3814E2262ADA4100831A7B;
					};
					3F381508262ADA4800831A7B = {
						CreatedOnToolsVersion = 12.4;
						TestTargetID = 3F3814E2262ADA4100831A7B;
					};
				};
			};
			buildConfigurationList = 3F3814DE262ADA4100831A7B /* Build configuration list for PBXProject "iosProject0" */;
			compatibilityVersion = "Xcode 9.3";
			developmentRegion = en;
			hasScannedForEncodings = 0;
			knownRegions = (
				en,
				Base,
			);
			mainGroup = 3F3814DA262ADA4100831A7B;
			productRefGroup = 3F3814E4262ADA4100831A7B /* Products */;
			projectDirPath = "";
			projectRoot = "";
			targets = (
				3F3814E2262ADA4100831A7B /* iosProject0 */,
				3F3814FD262ADA4700831A7B /* iosProject0Tests */,
				3F381508262ADA4800831A7B /* iosProject0UITests */,
			);
		};
/* End PBXProject section */

/* Begin PBXResourcesBuildPhase section */
		3F3814E1262ADA4100831A7B /* Resources */ = {
			isa = PBXResourcesBuildPhase;
			buildActionMask = 2147483647;
			files = (
				3F3814F6262ADA4700831A7B /* LaunchScreen.storyboard in Resources */,
				3F3814F3262ADA4700831A7B /* Assets.xcassets in Resources */,
				3F3814F1262ADA4100831A7B /* Main.storyboard in Resources */,
			);
			runOnlyForDeploymentPostprocessing = 0;
		};
		3F3814FC262ADA4700831A7B /* Resources */ = {
			isa = PBXResourcesBuildPhase;
			buildActionMask = 2147483647;
			files = (
			);
			runOnlyForDeploymentPostprocessing = 0;
		};
		3F381507262ADA4800831A7B /* Resources */ = {
			isa = PBXResourcesBuildPhase;
			buildActionMask = 2147483647;
			files = (
			);
			runOnlyForDeploymentPostprocessing = 0;
		};
/* End PBXResourcesBuildPhase section */

/* Begin PBXSourcesBuildPhase section */
		3F3814DF262ADA4100831A7B /* Sources */ = {
			isa = PBXSourcesBuildPhase;
			buildActionMask = 2147483647;
			files = (
				3FF88DD52643EB3C00B303F1 /* MCEditViewController.m in Sources */,
				3F672237263A9DC4004D905C /* MCAutomobileCellTableViewCell.m in Sources */,
				3F38154D262ADBD000831A7B /* MCAutomobile.m in Sources */,
				3F672213263A8E90004D905C /* MCCarTableViewController.m in Sources */,
				3F3814EE262ADA4100831A7B /* ViewController.m in Sources */,
				3CA9CD4C264AD3930032E3C6 /* MCChoicekindAutomobile.m in Sources */,
				3F3814E8262ADA4100831A7B /* AppDelegate.m in Sources */,
				3F381565262ADCA400831A7B /* MCTruck.m in Sources */,
				3F3814F9262ADA4700831A7B /* main.m in Sources */,
				3F381553262ADC1200831A7B /* MCMotorcycle.m in Sources */,
				3F38155F262ADC7A00831A7B /* MCCar.m in Sources */,
				3CA9CD49264ACD3C0032E3C6 /* MCAddViewController.m in Sources */,
				3F672231263A9429004D905C /* MCDetailsViewController.m in Sources */,
				3F3814EB262ADA4100831A7B /* SceneDelegate.m in Sources */,
				3F381559262ADC5000831A7B /* MCVehicle.m in Sources */,
				3F381547262ADBB700831A7B /* MCEngine.m in Sources */,
			);
			runOnlyForDeploymentPostprocessing = 0;
		};
		3F3814FA262ADA4700831A7B /* Sources */ = {
			isa = PBXSourcesBuildPhase;
			buildActionMask = 2147483647;
			files = (
				3F381503262ADA4700831A7B /* iosProject0Tests.m in Sources */,
			);
			runOnlyForDeploymentPostprocessing = 0;
		};
		3F381505262ADA4800831A7B /* Sources */ = {
			isa = PBXSourcesBuildPhase;
			buildActionMask = 2147483647;
			files = (
				3F38150E262ADA4800831A7B /* iosProject0UITests.m in Sources */,
			);
			runOnlyForDeploymentPostprocessing = 0;
		};
/* End PBXSourcesBuildPhase section */

/* Begin PBXTargetDependency section */
		3F381500262ADA4700831A7B /* PBXTargetDependency */ = {
			isa = PBXTargetDependency;
			target = 3F3814E2262ADA4100831A7B /* iosProject0 */;
			targetProxy = 3F3814FF262ADA4700831A7B /* PBXContainerItemProxy */;
		};
		3F38150B262ADA4800831A7B /* PBXTargetDependency */ = {
			isa = PBXTargetDependency;
			target = 3F3814E2262ADA4100831A7B /* iosProject0 */;
			targetProxy = 3F38150A262ADA4800831A7B /* PBXContainerItemProxy */;
		};
/* End PBXTargetDependency section */

/* Begin PBXVariantGroup section */
		3F3814EF262ADA4100831A7B /* Main.storyboard */ = {
			isa = PBXVariantGroup;
			children = (
				3F3814F0262ADA4100831A7B /* Base */,
			);
			name = Main.storyboard;
			sourceTree = "<group>";
		};
		3F3814F4262ADA4700831A7B /* LaunchScreen.storyboard */ = {
			isa = PBXVariantGroup;
			children = (
				3F3814F5262ADA4700831A7B /* Base */,
			);
			name = LaunchScreen.storyboard;
			sourceTree = "<group>";
		};
/* End PBXVariantGroup section */

/* Begin XCBuildConfiguration section */
		3F381510262ADA4800831A7B /* Debug */ = {
			isa = XCBuildConfiguration;
			buildSettings = {
				ALWAYS_SEARCH_USER_PATHS = NO;
				CLANG_ANALYZER_NONNULL = YES;
				CLANG_ANALYZER_NUMBER_OBJECT_CONVERSION = YES_AGGRESSIVE;
				CLANG_CXX_LANGUAGE_STANDARD = "gnu++14";
				CLANG_CXX_LIBRARY = "libc++";
				CLANG_ENABLE_MODULES = YES;
				CLANG_ENABLE_OBJC_ARC = YES;
				CLANG_ENABLE_OBJC_WEAK = YES;
				CLANG_WARN_BLOCK_CAPTURE_AUTORELEASING = YES;
				CLANG_WARN_BOOL_CONVERSION = YES;
				CLANG_WARN_COMMA = YES;
				CLANG_WARN_CONSTANT_CONVERSION = YES;
				CLANG_WARN_DEPRECATED_OBJC_IMPLEMENTATIONS = YES;
				CLANG_WARN_DIRECT_OBJC_ISA_USAGE = YES_ERROR;
				CLANG_WARN_DOCUMENTATION_COMMENTS = YES;
				CLANG_WARN_EMPTY_BODY = YES;
				CLANG_WARN_ENUM_CONVERSION = YES;
				CLANG_WARN_INFINITE_RECURSION = YES;
				CLANG_WARN_INT_CONVERSION = YES;
				CLANG_WARN_NON_LITERAL_NULL_CONVERSION = YES;
				CLANG_WARN_OBJC_IMPLICIT_RETAIN_SELF = YES;
				CLANG_WARN_OBJC_LITERAL_CONVERSION = YES;
				CLANG_WARN_OBJC_ROOT_CLASS = YES_ERROR;
				CLANG_WARN_QUOTED_INCLUDE_IN_FRAMEWORK_HEADER = YES;
				CLANG_WARN_RANGE_LOOP_ANALYSIS = YES;
				CLANG_WARN_STRICT_PROTOTYPES = YES;
				CLANG_WARN_SUSPICIOUS_MOVE = YES;
				CLANG_WARN_UNGUARDED_AVAILABILITY = YES_AGGRESSIVE;
				CLANG_WARN_UNREACHABLE_CODE = YES;
				CLANG_WARN__DUPLICATE_METHOD_MATCH = YES;
				COPY_PHASE_STRIP = NO;
				DEBUG_INFORMATION_FORMAT = dwarf;
				ENABLE_STRICT_OBJC_MSGSEND = YES;
				ENABLE_TESTABILITY = YES;
				GCC_C_LANGUAGE_STANDARD = gnu11;
				GCC_DYNAMIC_NO_PIC = NO;
				GCC_NO_COMMON_BLOCKS = YES;
				GCC_OPTIMIZATION_LEVEL = 0;
				GCC_PREPROCESSOR_DEFINITIONS = (
					"DEBUG=1",
					"$(inherited)",
				);
				GCC_WARN_64_TO_32_BIT_CONVERSION = YES;
				GCC_WARN_ABOUT_RETURN_TYPE = YES_ERROR;
				GCC_WARN_UNDECLARED_SELECTOR = YES;
				GCC_WARN_UNINITIALIZED_AUTOS = YES_AGGRESSIVE;
				GCC_WARN_UNUSED_FUNCTION = YES;
				GCC_WARN_UNUSED_VARIABLE = YES;
				IPHONEOS_DEPLOYMENT_TARGET = 14.4;
				MTL_ENABLE_DEBUG_INFO = INCLUDE_SOURCE;
				MTL_FAST_MATH = YES;
				ONLY_ACTIVE_ARCH = YES;
				SDKROOT = iphoneos;
			};
			name = Debug;
		};
		3F381511262ADA4800831A7B /* Release */ = {
			isa = XCBuildConfiguration;
			buildSettings = {
				ALWAYS_SEARCH_USER_PATHS = NO;
				CLANG_ANALYZER_NONNULL = YES;
				CLANG_ANALYZER_NUMBER_OBJECT_CONVERSION = YES_AGGRESSIVE;
				CLANG_CXX_LANGUAGE_STANDARD = "gnu++14";
				CLANG_CXX_LIBRARY = "libc++";
				CLANG_ENABLE_MODULES = YES;
				CLANG_ENABLE_OBJC_ARC = YES;
				CLANG_ENABLE_OBJC_WEAK = YES;
				CLANG_WARN_BLOCK_CAPTURE_AUTORELEASING = YES;
				CLANG_WARN_BOOL_CONVERSION = YES;
				CLANG_WARN_COMMA = YES;
				CLANG_WARN_CONSTANT_CONVERSION = YES;
				CLANG_WARN_DEPRECATED_OBJC_IMPLEMENTATIONS = YES;
				CLANG_WARN_DIRECT_OBJC_ISA_USAGE = YES_ERROR;
				CLANG_WARN_DOCUMENTATION_COMMENTS = YES;
				CLANG_WARN_EMPTY_BODY = YES;
				CLANG_WARN_ENUM_CONVERSION = YES;
				CLANG_WARN_INFINITE_RECURSION = YES;
				CLANG_WARN_INT_CONVERSION = YES;
				CLANG_WARN_NON_LITERAL_NULL_CONVERSION = YES;
				CLANG_WARN_OBJC_IMPLICIT_RETAIN_SELF = YES;
				CLANG_WARN_OBJC_LITERAL_CONVERSION = YES;
				CLANG_WARN_OBJC_ROOT_CLASS = YES_ERROR;
				CLANG_WARN_QUOTED_INCLUDE_IN_FRAMEWORK_HEADER = YES;
				CLANG_WARN_RANGE_LOOP_ANALYSIS = YES;
				CLANG_WARN_STRICT_PROTOTYPES = YES;
				CLANG_WARN_SUSPICIOUS_MOVE = YES;
				CLANG_WARN_UNGUARDED_AVAILABILITY = YES_AGGRESSIVE;
				CLANG_WARN_UNREACHABLE_CODE = YES;
				CLANG_WARN__DUPLICATE_METHOD_MATCH = YES;
				COPY_PHASE_STRIP = NO;
				DEBUG_INFORMATION_FORMAT = "dwarf-with-dsym";
				ENABLE_NS_ASSERTIONS = NO;
				ENABLE_STRICT_OBJC_MSGSEND = YES;
				GCC_C_LANGUAGE_STANDARD = gnu11;
				GCC_NO_COMMON_BLOCKS = YES;
				GCC_WARN_64_TO_32_BIT_CONVERSION = YES;
				GCC_WARN_ABOUT_RETURN_TYPE = YES_ERROR;
				GCC_WARN_UNDECLARED_SELECTOR = YES;
				GCC_WARN_UNINITIALIZED_AUTOS = YES_AGGRESSIVE;
				GCC_WARN_UNUSED_FUNCTION = YES;
				GCC_WARN_UNUSED_VARIABLE = YES;
				IPHONEOS_DEPLOYMENT_TARGET = 14.4;
				MTL_ENABLE_DEBUG_INFO = NO;
				MTL_FAST_MATH = YES;
				SDKROOT = iphoneos;
				VALIDATE_PRODUCT = YES;
			};
			name = Release;
		};
		3F381513262ADA4800831A7B /* Debug */ = {
			isa = XCBuildConfiguration;
			buildSettings = {
				ASSETCATALOG_COMPILER_APPICON_NAME = AppIcon;
				ASSETCATALOG_COMPILER_GLOBAL_ACCENT_COLOR_NAME = AccentColor;
				CODE_SIGN_STYLE = Automatic;
				INFOPLIST_FILE = iosProject0/Info.plist;
				LD_RUNPATH_SEARCH_PATHS = (
					"$(inherited)",
					"@executable_path/Frameworks",
				);
				PRODUCT_BUNDLE_IDENTIFIER = edu.NNU.iosProject0;
				PRODUCT_NAME = "$(TARGET_NAME)";
				TARGETED_DEVICE_FAMILY = "1,2";
			};
			name = Debug;
		};
		3F381514262ADA4800831A7B /* Release */ = {
			isa = XCBuildConfiguration;
			buildSettings = {
				ASSETCATALOG_COMPILER_APPICON_NAME = AppIcon;
				ASSETCATALOG_COMPILER_GLOBAL_ACCENT_COLOR_NAME = AccentColor;
				CODE_SIGN_STYLE = Automatic;
				INFOPLIST_FILE = iosProject0/Info.plist;
				LD_RUNPATH_SEARCH_PATHS = (
					"$(inherited)",
					"@executable_path/Frameworks",
				);
				PRODUCT_BUNDLE_IDENTIFIER = edu.NNU.iosProject0;
				PRODUCT_NAME = "$(TARGET_NAME)";
				TARGETED_DEVICE_FAMILY = "1,2";
			};
			name = Release;
		};
		3F381516262ADA4800831A7B /* Debug */ = {
			isa = XCBuildConfiguration;
			buildSettings = {
				BUNDLE_LOADER = "$(TEST_HOST)";
				CODE_SIGN_STYLE = Automatic;
				INFOPLIST_FILE = iosProject0Tests/Info.plist;
				IPHONEOS_DEPLOYMENT_TARGET = 14.4;
				LD_RUNPATH_SEARCH_PATHS = (
					"$(inherited)",
					"@executable_path/Frameworks",
					"@loader_path/Frameworks",
				);
				PRODUCT_BUNDLE_IDENTIFIER = edu.NNU.iosProject0Tests;
				PRODUCT_NAME = "$(TARGET_NAME)";
				TARGETED_DEVICE_FAMILY = "1,2";
				TEST_HOST = "$(BUILT_PRODUCTS_DIR)/iosProject0.app/iosProject0";
			};
			name = Debug;
		};
		3F381517262ADA4800831A7B /* Release */ = {
			isa = XCBuildConfiguration;
			buildSettings = {
				BUNDLE_LOADER = "$(TEST_HOST)";
				CODE_SIGN_STYLE = Automatic;
				INFOPLIST_FILE = iosProject0Tests/Info.plist;
				IPHONEOS_DEPLOYMENT_TARGET = 14.4;
				LD_RUNPATH_SEARCH_PATHS = (
					"$(inherited)",
					"@executable_path/Frameworks",
					"@loader_path/Frameworks",
				);
				PRODUCT_BUNDLE_IDENTIFIER = edu.NNU.iosProject0Tests;
				PRODUCT_NAME = "$(TARGET_NAME)";
				TARGETED_DEVICE_FAMILY = "1,2";
				TEST_HOST = "$(BUILT_PRODUCTS_DIR)/iosProject0.app/iosProject0";
			};
			name = Release;
		};
		3F381519262ADA4800831A7B /* Debug */ = {
			isa = XCBuildConfiguration;
			buildSettings = {
				CODE_SIGN_STYLE = Automatic;
				INFOPLIST_FILE = iosProject0UITests/Info.plist;
				LD_RUNPATH_SEARCH_PATHS = (
					"$(inherited)",
					"@executable_path/Frameworks",
					"@loader_path/Frameworks",
				);
				PRODUCT_BUNDLE_IDENTIFIER = edu.NNU.iosProject0UITests;
				PRODUCT_NAME = "$(TARGET_NAME)";
				TARGETED_DEVICE_FAMILY = "1,2";
				TEST_TARGET_NAME = iosProject0;
			};
			name = Debug;
		};
		3F38151A262ADA4800831A7B /* Release */ = {
			isa = XCBuildConfiguration;
			buildSettings = {
				CODE_SIGN_STYLE = Automatic;
				INFOPLIST_FILE = iosProject0UITests/Info.plist;
				LD_RUNPATH_SEARCH_PATHS = (
					"$(inherited)",
					"@executable_path/Frameworks",
					"@loader_path/Frameworks",
				);
				PRODUCT_BUNDLE_IDENTIFIER = edu.NNU.iosProject0UITests;
				PRODUCT_NAME = "$(TARGET_NAME)";
				TARGETED_DEVICE_FAMILY = "1,2";
				TEST_TARGET_NAME = iosProject0;
			};
			name = Release;
		};
/* End XCBuildConfiguration section */

/* Begin XCConfigurationList section */
		3F3814DE262ADA4100831A7B /* Build configuration list for PBXProject "iosProject0" */ = {
			isa = XCConfigurationList;
			buildConfigurations = (
				3F381510262ADA4800831A7B /* Debug */,
				3F381511262ADA4800831A7B /* Release */,
			);
			defaultConfigurationIsVisible = 0;
			defaultConfigurationName = Release;
		};
		3F381512262ADA4800831A7B /* Build configuration list for PBXNativeTarget "iosProject0" */ = {
			isa = XCConfigurationList;
			buildConfigurations = (
				3F381513262ADA4800831A7B /* Debug */,
				3F381514262ADA4800831A7B /* Release */,
			);
			defaultConfigurationIsVisible = 0;
			defaultConfigurationName = Release;
		};
		3F381515262ADA4800831A7B /* Build configuration list for PBXNativeTarget "iosProject0Tests" */ = {
			isa = XCConfigurationList;
			buildConfigurations = (
				3F381516262ADA4800831A7B /* Debug */,
				3F381517262ADA4800831A7B /* Release */,
			);
			defaultConfigurationIsVisible = 0;
			defaultConfigurationName = Release;
		};
		3F381518262ADA4800831A7B /* Build configuration list for PBXNativeTarget "iosProject0UITests" */ = {
			isa = XCConfigurationList;
			buildConfigurations = (
				3F381519262ADA4800831A7B /* Debug */,
				3F38151A262ADA4800831A7B /* Release */,
			);
			defaultConfigurationIsVisible = 0;
			defaultConfigurationName = Release;
		};
/* End XCConfigurationList section */
	};
	rootObject = 3F3814DB262ADA4100831A7B /* Project object */;
}
